
Microsoft Visual Studio Solution File, Format Version 12.00
# Visual Studio Version 17
VisualStudioVersion = 17.7.34024.191
MinimumVisualStudioVersion = 10.0.40219.1
Project("{FAE04EC0-301F-11D3-BF4B-00C04F79EFBC}") = "ZooplanetU2E1PW", "ZooplanetU2E1PW\ZooplanetU2E1PW.csproj", "{E5ADA278-920D-4302-A0AD-0B9FBBD84169}"
EndProject
Global
	GlobalSection(SolutionConfigurationPlatforms) = preSolution
		Debug|Any CPU = Debug|Any CPU
		Release|Any CPU = Release|Any CPU
	EndGlobalSection
	GlobalSection(ProjectConfigurationPlatforms) = postSolution
		{E5ADA278-920D-4302-A0AD-0B9FBBD84169}.Debug|Any CPU.ActiveCfg = Debug|Any CPU
		{E5ADA278-920D-4302-A0AD-0B9FBBD84169}.Debug|Any CPU.Build.0 = Debug|Any CPU
		{E5ADA278-920D-4302-A0AD-0B9FBBD84169}.Release|Any CPU.ActiveCfg = Release|Any CPU
		{E5ADA278-920D-4302-A0AD-0B9FBBD84169}.Release|Any CPU.Build.0 = Release|Any CPU
	EndGlobalSection
	GlobalSection(SolutionProperties) = preSolution
		HideSolutionNode = FALSE
	EndGlobalSection
	GlobalSection(ExtensibilityGlobals) = postSolution
		SolutionGuid = {08352995-5704-4F52-B7A5-585ADA977DF4}
	EndGlobalSection
EndGlobal
